
Microsoft Visual Studio Solution File, Format Version 12.00
# Visual Studio Version 17
VisualStudioVersion = 17.6.33829.357
MinimumVisualStudioVersion = 10.0.40219.1
Project("{9A19103F-16F7-4668-BE54-9A1E7A4F7556}") = "Portfolio.Models", "Portfolio.Models\Portfolio.Models.csproj", "{D1CCE3F6-352B-4796-8269-7CCBACB953B7}"
EndProject
Project("{9A19103F-16F7-4668-BE54-9A1E7A4F7556}") = "Portfolio.Data", "Portfolio.Data\Portfolio.Data.csproj", "{BA3B353C-CA85-4B45-A247-192212C324C9}"
EndProject
Project("{9A19103F-16F7-4668-BE54-9A1E7A4F7556}") = "Portfolio.Web", "Portfolio.Web\Portfolio.Web.csproj", "{265945F6-9EE6-4C93-B135-0DF70AD2E9B8}"
EndProject
Project("{FAE04EC0-301F-11D3-BF4B-00C04F79EFBC}") = "Portfolio.Repository", "Portfolio.Repository\Portfolio.Repository.csproj", "{61BD3212-E7F4-410B-B8F0-F02BA6D74EF0}"
EndProject
Global
	GlobalSection(SolutionConfigurationPlatforms) = preSolution
		Debug|Any CPU = Debug|Any CPU
		Release|Any CPU = Release|Any CPU
	EndGlobalSection
	GlobalSection(ProjectConfigurationPlatforms) = postSolution
		{D1CCE3F6-352B-4796-8269-7CCBACB953B7}.Debug|Any CPU.ActiveCfg = Debug|Any CPU
		{D1CCE3F6-352B-4796-8269-7CCBACB953B7}.Debug|Any CPU.Build.0 = Debug|Any CPU
		{D1CCE3F6-352B-4796-8269-7CCBACB953B7}.Release|Any CPU.ActiveCfg = Release|Any CPU
		{D1CCE3F6-352B-4796-8269-7CCBACB953B7}.Release|Any CPU.Build.0 = Release|Any CPU
		{BA3B353C-CA85-4B45-A247-192212C324C9}.Debug|Any CPU.ActiveCfg = Debug|Any CPU
		{BA3B353C-CA85-4B45-A247-192212C324C9}.Debug|Any CPU.Build.0 = Debug|Any CPU
		{BA3B353C-CA85-4B45-A247-192212C324C9}.Release|Any CPU.ActiveCfg = Release|Any CPU
		{BA3B353C-CA85-4B45-A247-192212C324C9}.Release|Any CPU.Build.0 = Release|Any CPU
		{265945F6-9EE6-4C93-B135-0DF70AD2E9B8}.Debug|Any CPU.ActiveCfg = Debug|Any CPU
		{265945F6-9EE6-4C93-B135-0DF70AD2E9B8}.Debug|Any CPU.Build.0 = Debug|Any CPU
		{265945F6-9EE6-4C93-B135-0DF70AD2E9B8}.Release|Any CPU.ActiveCfg = Release|Any CPU
		{265945F6-9EE6-4C93-B135-0DF70AD2E9B8}.Release|Any CPU.Build.0 = Release|Any CPU
		{61BD3212-E7F4-410B-B8F0-F02BA6D74EF0}.Debug|Any CPU.ActiveCfg = Debug|Any CPU
		{61BD3212-E7F4-410B-B8F0-F02BA6D74EF0}.Debug|Any CPU.Build.0 = Debug|Any CPU
		{61BD3212-E7F4-410B-B8F0-F02BA6D74EF0}.Release|Any CPU.ActiveCfg = Release|Any CPU
		{61BD3212-E7F4-410B-B8F0-F02BA6D74EF0}.Release|Any CPU.Build.0 = Release|Any CPU
	EndGlobalSection
	GlobalSection(SolutionProperties) = preSolution
		HideSolutionNode = FALSE
	EndGlobalSection
	GlobalSection(ExtensibilityGlobals) = postSolution
		SolutionGuid = {4581B0C5-3571-4E6E-94D7-97AF87F9885B}
	EndGlobalSection
EndGlobal
